Microsoft Visual Studio Solution File, Format Version 12.00
# Visual Studio Version 17
VisualStudioVersion = 17.5.2.0
MinimumVisualStudioVersion = 10.0.40219.1
Project("{FAE04EC0-301F-11D3-BF4B-00C04F79EFBC}") = "karaoke-place", "karaoke-place.csproj", "{71B40520-30DF-DF19-AFC7-30BAE22F0B71}"
EndProject
Global
	GlobalSection(SolutionConfigurationPlatforms) = preSolution
		Debug|Any CPU = Debug|Any CPU
		Release|Any CPU = Release|Any CPU
	EndGlobalSection
	GlobalSection(ProjectConfigurationPlatforms) = postSolution
		{71B40520-30DF-DF19-AFC7-30BAE22F0B71}.Debug|Any CPU.ActiveCfg = Debug|Any CPU
		{71B40520-30DF-DF19-AFC7-30BAE22F0B71}.Debug|Any CPU.Build.0 = Debug|Any CPU
		{71B40520-30DF-DF19-AFC7-30BAE22F0B71}.Release|Any CPU.ActiveCfg = Release|Any CPU
		{71B40520-30DF-DF19-AFC7-30BAE22F0B71}.Release|Any CPU.Build.0 = Release|Any CPU
	EndGlobalSection
	GlobalSection(SolutionProperties) = preSolution
		HideSolutionNode = FALSE
	EndGlobalSection
	GlobalSection(ExtensibilityGlobals) = postSolution
		SolutionGuid = {33DB58EA-BD82-4448-8FE0-7FCDF5291702}
	EndGlobalSection
EndGlobal
